
Microsoft Visual Studio Solution File, Format Version 12.00
# Visual Studio Version 17
VisualStudioVersion = 17.1.32421.90
MinimumVisualStudioVersion = 10.0.40219.1
Project("{9A19103F-16F7-4668-BE54-9A1E7A4F7556}") = "SQS.Send", "SQS.Send\SQS.Send.csproj", "{1BAE8263-C69A-4283-ADB3-2BBEEEBDBFD7}"
EndProject
Project("{9A19103F-16F7-4668-BE54-9A1E7A4F7556}") = "SQS.Recive", "SQS.Recive\SQS.Recive.csproj", "{E7ECD8CF-7225-4646-B887-8F2407B8F241}"
EndProject
Project("{FAE04EC0-301F-11D3-BF4B-00C04F79EFBC}") = "SQS.Data", "SQS.Data\SQS.Data.csproj", "{EC415B06-041B-44A0-9DF2-D979107CC238}"
EndProject
Project("{FAE04EC0-301F-11D3-BF4B-00C04F79EFBC}") = "SQS.Domain", "SQS.Domain\SQS.Domain.csproj", "{4B8011B5-BBEB-409F-9037-9CF1B2D564B4}"
EndProject
Project("{9A19103F-16F7-4668-BE54-9A1E7A4F7556}") = "SQS.Contatos.API", "SQS.Contato.API\SQS.Contatos.API.csproj", "{869D6A0B-B99B-4C54-8E97-A22EBE85892B}"
EndProject
Global
	GlobalSection(SolutionConfigurationPlatforms) = preSolution
		Debug|Any CPU = Debug|Any CPU
		Release|Any CPU = Release|Any CPU
	EndGlobalSection
	GlobalSection(ProjectConfigurationPlatforms) = postSolution
		{1BAE8263-C69A-4283-ADB3-2BBEEEBDBFD7}.Debug|Any CPU.ActiveCfg = Debug|Any CPU
		{1BAE8263-C69A-4283-ADB3-2BBEEEBDBFD7}.Debug|Any CPU.Build.0 = Debug|Any CPU
		{1BAE8263-C69A-4283-ADB3-2BBEEEBDBFD7}.Release|Any CPU.ActiveCfg = Release|Any CPU
		{1BAE8263-C69A-4283-ADB3-2BBEEEBDBFD7}.Release|Any CPU.Build.0 = Release|Any CPU
		{E7ECD8CF-7225-4646-B887-8F2407B8F241}.Debug|Any CPU.ActiveCfg = Debug|Any CPU
		{E7ECD8CF-7225-4646-B887-8F2407B8F241}.Debug|Any CPU.Build.0 = Debug|Any CPU
		{E7ECD8CF-7225-4646-B887-8F2407B8F241}.Release|Any CPU.ActiveCfg = Release|Any CPU
		{E7ECD8CF-7225-4646-B887-8F2407B8F241}.Release|Any CPU.Build.0 = Release|Any CPU
		{EC415B06-041B-44A0-9DF2-D979107CC238}.Debug|Any CPU.ActiveCfg = Debug|Any CPU
		{EC415B06-041B-44A0-9DF2-D979107CC238}.Debug|Any CPU.Build.0 = Debug|Any CPU
		{EC415B06-041B-44A0-9DF2-D979107CC238}.Release|Any CPU.ActiveCfg = Release|Any CPU
		{EC415B06-041B-44A0-9DF2-D979107CC238}.Release|Any CPU.Build.0 = Release|Any CPU
		{4B8011B5-BBEB-409F-9037-9CF1B2D564B4}.Debug|Any CPU.ActiveCfg = Debug|Any CPU
		{4B8011B5-BBEB-409F-9037-9CF1B2D564B4}.Debug|Any CPU.Build.0 = Debug|Any CPU
		{4B8011B5-BBEB-409F-9037-9CF1B2D564B4}.Release|Any CPU.ActiveCfg = Release|Any CPU
		{4B8011B5-BBEB-409F-9037-9CF1B2D564B4}.Release|Any CPU.Build.0 = Release|Any CPU
		{869D6A0B-B99B-4C54-8E97-A22EBE85892B}.Debug|Any CPU.ActiveCfg = Debug|Any CPU
		{869D6A0B-B99B-4C54-8E97-A22EBE85892B}.Debug|Any CPU.Build.0 = Debug|Any CPU
		{869D6A0B-B99B-4C54-8E97-A22EBE85892B}.Release|Any CPU.ActiveCfg = Release|Any CPU
		{869D6A0B-B99B-4C54-8E97-A22EBE85892B}.Release|Any CPU.Build.0 = Release|Any CPU
	EndGlobalSection
	GlobalSection(SolutionProperties) = preSolution
		HideSolutionNode = FALSE
	EndGlobalSection
	GlobalSection(ExtensibilityGlobals) = postSolution
		SolutionGuid = {79A09435-3DCE-464D-8C9D-7B9BF506C381}
	EndGlobalSection
EndGlobal
